// !$*UTF8*$!
{
	archiveVersion = 1;
	classes = {
	};
	objectVersion = 50;
	objects = {

/* Begin PBXBuildFile section */
		B95ABC0C25D2B859008AB0A7 /* AppDelegate.swift in Sources */ = {isa = PBXBuildFile; fileRef = B95ABC0B25D2B859008AB0A7 /* AppDelegate.swift */; };
		B95ABC0E25D2B859008AB0A7 /* SceneDelegate.swift in Sources */ = {isa = PBXBuildFile; fileRef = B95ABC0D25D2B859008AB0A7 /* SceneDelegate.swift */; };
		B95ABC1025D2B859008AB0A7 /* PokemonViewController.swift in Sources */ = {isa = PBXBuildFile; fileRef = B95ABC0F25D2B859008AB0A7 /* PokemonViewController.swift */; };
		B95ABC1325D2B859008AB0A7 /* Main.storyboard in Resources */ = {isa = PBXBuildFile; fileRef = B95ABC1125D2B859008AB0A7 /* Main.storyboard */; };
		B95ABC1525D2B85A008AB0A7 /* Assets.xcassets in Resources */ = {isa = PBXBuildFile; fileRef = B95ABC1425D2B85A008AB0A7 /* Assets.xcassets */; };
		B95ABC1825D2B85A008AB0A7 /* LaunchScreen.storyboard in Resources */ = {isa = PBXBuildFile; fileRef = B95ABC1625D2B85A008AB0A7 /* LaunchScreen.storyboard */; };
		B95ABC2B25D2BB83008AB0A7 /* PokemonDetailViewController.swift in Sources */ = {isa = PBXBuildFile; fileRef = B95ABC2A25D2BB83008AB0A7 /* PokemonDetailViewController.swift */; };
		B95ABC2E25D2BC1F008AB0A7 /* Pokemon.swift in Sources */ = {isa = PBXBuildFile; fileRef = B95ABC2D25D2BC1F008AB0A7 /* Pokemon.swift */; };
		B95ABC3125D2BE28008AB0A7 /* NetworkController.swift in Sources */ = {isa = PBXBuildFile; fileRef = B95ABC3025D2BE28008AB0A7 /* NetworkController.swift */; };
		B95ABC3425D2C277008AB0A7 /* ImageController.swift in Sources */ = {isa = PBXBuildFile; fileRef = B95ABC3325D2C277008AB0A7 /* ImageController.swift */; };
		B9C4F9AD25D3D7520012EF70 /* TitilliumWeb-SemiBold.ttf in Resources */ = {isa = PBXBuildFile; fileRef = B9C4F9AA25D3D7520012EF70 /* TitilliumWeb-SemiBold.ttf */; };
		B9C4F9AE25D3D7520012EF70 /* TitilliumWeb-Regular.ttf in Resources */ = {isa = PBXBuildFile; fileRef = B9C4F9AB25D3D7520012EF70 /* TitilliumWeb-Regular.ttf */; };
		B9C4F9AF25D3D7520012EF70 /* TitilliumWeb-Light.ttf in Resources */ = {isa = PBXBuildFile; fileRef = B9C4F9AC25D3D7520012EF70 /* TitilliumWeb-Light.ttf */; };
/* End PBXBuildFile section */

/* Begin PBXFileReference section */
		B95ABC0825D2B859008AB0A7 /* PokemonCards.app */ = {isa = PBXFileReference; explicitFileType = wrapper.application; includeInIndex = 0; path = PokemonCards.app; sourceTree = BUILT_PRODUCTS_DIR; };
		B95ABC0B25D2B859008AB0A7 /* AppDelegate.swift */ = {isa = PBXFileReference; lastKnownFileType = sourcecode.swift; path = AppDelegate.swift; sourceTree = "<group>"; };
		B95ABC0D25D2B859008AB0A7 /* SceneDelegate.swift */ = {isa = PBXFileReference; lastKnownFileType = sourcecode.swift; path = SceneDelegate.swift; sourceTree = "<group>"; };
		B95ABC0F25D2B859008AB0A7 /* PokemonViewController.swift */ = {isa = PBXFileReference; lastKnownFileType = sourcecode.swift; path = PokemonViewController.swift; sourceTree = "<group>"; };
		B95ABC1225D2B859008AB0A7 /* Base */ = {isa = PBXFileReference; lastKnownFileType = file.storyboard; name = Base; path = Base.lproj/Main.storyboard; sourceTree = "<group>"; };
		B95ABC1425D2B85A008AB0A7 /* Assets.xcassets */ = {isa = PBXFileReference; lastKnownFileType = folder.assetcatalog; path = Assets.xcassets; sourceTree = "<group>"; };
		B95ABC1725D2B85A008AB0A7 /* Base */ = {isa = PBXFileReference; lastKnownFileType = file.storyboard; name = Base; path = Base.lproj/LaunchScreen.storyboard; sourceTree = "<group>"; };
		B95ABC1925D2B85A008AB0A7 /* Info.plist */ = {isa = PBXFileReference; lastKnownFileType = text.plist.xml; path = Info.plist; sourceTree = "<group>"; };
		B95ABC2A25D2BB83008AB0A7 /* PokemonDetailViewController.swift */ = {isa = PBXFileReference; lastKnownFileType = sourcecode.swift; path = PokemonDetailViewController.swift; sourceTree = "<group>"; };
		B95ABC2D25D2BC1F008AB0A7 /* Pokemon.swift */ = {isa = PBXFileReference; lastKnownFileType = sourcecode.swift; path = Pokemon.swift; sourceTree = "<group>"; };
		B95ABC3025D2BE28008AB0A7 /* NetworkController.swift */ = {isa = PBXFileReference; lastKnownFileType = sourcecode.swift; path = NetworkController.swift; sourceTree = "<group>"; };
		B95ABC3325D2C277008AB0A7 /* ImageController.swift */ = {isa = PBXFileReference; lastKnownFileType = sourcecode.swift; path = ImageController.swift; sourceTree = "<group>"; };
		B9C4F9AA25D3D7520012EF70 /* TitilliumWeb-SemiBold.ttf */ = {isa = PBXFileReference; lastKnownFileType = file; path = "TitilliumWeb-SemiBold.ttf"; sourceTree = "<group>"; };
		B9C4F9AB25D3D7520012EF70 /* TitilliumWeb-Regular.ttf */ = {isa = PBXFileReference; lastKnownFileType = file; path = "TitilliumWeb-Regular.ttf"; sourceTree = "<group>"; };
		B9C4F9AC25D3D7520012EF70 /* TitilliumWeb-Light.ttf */ = {isa = PBXFileReference; lastKnownFileType = file; path = "TitilliumWeb-Light.ttf"; sourceTree = "<group>"; };
/* End PBXFileReference section */

/* Begin PBXFrameworksBuildPhase section */
		B95ABC0525D2B859008AB0A7 /* Frameworks */ = {
			isa = PBXFrameworksBuildPhase;
			buildActionMask = 2147483647;
			files = (
			);
			runOnlyForDeploymentPostprocessing = 0;
		};
/* End PBXFrameworksBuildPhase section */

/* Begin PBXGroup section */
		B95ABBFF25D2B859008AB0A7 = {
			isa = PBXGroup;
			children = (
				B95ABC0A25D2B859008AB0A7 /* PokemonCards */,
				B95ABC0925D2B859008AB0A7 /* Products */,
			);
			sourceTree = "<group>";
		};
		B95ABC0925D2B859008AB0A7 /* Products */ = {
			isa = PBXGroup;
			children = (
				B95ABC0825D2B859008AB0A7 /* PokemonCards.app */,
			);
			name = Products;
			sourceTree = "<group>";
		};
		B95ABC0A25D2B859008AB0A7 /* PokemonCards */ = {
			isa = PBXGroup;
			children = (
				B95ABC2225D2B93F008AB0A7 /* AppDelegate */,
				B95ABC2825D2B9BD008AB0A7 /* Helper */,
				B95ABC2725D2B99D008AB0A7 /* Models */,
				B95ABC2425D2B97F008AB0A7 /* Controller */,
				B95ABC2625D2B991008AB0A7 /* View */,
				B9C4F9A925D3D7200012EF70 /* Fonts */,
				B95ABC1425D2B85A008AB0A7 /* Assets.xcassets */,
				B95ABC1925D2B85A008AB0A7 /* Info.plist */,
			);
			path = PokemonCards;
			sourceTree = "<group>";
		};
		B95ABC2225D2B93F008AB0A7 /* AppDelegate */ = {
			isa = PBXGroup;
			children = (
				B95ABC0B25D2B859008AB0A7 /* AppDelegate.swift */,
				B95ABC0D25D2B859008AB0A7 /* SceneDelegate.swift */,
			);
			path = AppDelegate;
			sourceTree = "<group>";
		};
		B95ABC2425D2B97F008AB0A7 /* Controller */ = {
			isa = PBXGroup;
			children = (
				B95ABC0F25D2B859008AB0A7 /* PokemonViewController.swift */,
				B95ABC2A25D2BB83008AB0A7 /* PokemonDetailViewController.swift */,
			);
			path = Controller;
			sourceTree = "<group>";
		};
		B95ABC2625D2B991008AB0A7 /* View */ = {
			isa = PBXGroup;
			children = (
				B95ABC1125D2B859008AB0A7 /* Main.storyboard */,
				B95ABC1625D2B85A008AB0A7 /* LaunchScreen.storyboard */,
			);
			path = View;
			sourceTree = "<group>";
		};
		B95ABC2725D2B99D008AB0A7 /* Models */ = {
			isa = PBXGroup;
			children = (
				B95ABC2D25D2BC1F008AB0A7 /* Pokemon.swift */,
			);
			path = Models;
			sourceTree = "<group>";
		};
		B95ABC2825D2B9BD008AB0A7 /* Helper */ = {
			isa = PBXGroup;
			children = (
				B95ABC3025D2BE28008AB0A7 /* NetworkController.swift */,
				B95ABC3325D2C277008AB0A7 /* ImageController.swift */,
			);
			path = Helper;
			sourceTree = "<group>";
		};
		B9C4F9A925D3D7200012EF70 /* Fonts */ = {
			isa = PBXGroup;
			children = (
				B9C4F9AC25D3D7520012EF70 /* TitilliumWeb-Light.ttf */,
				B9C4F9AB25D3D7520012EF70 /* TitilliumWeb-Regular.ttf */,
				B9C4F9AA25D3D7520012EF70 /* TitilliumWeb-SemiBold.ttf */,
			);
			path = Fonts;
			sourceTree = "<group>";
		};
/* End PBXGroup section */

/* Begin PBXNativeTarget section */
		B95ABC0725D2B859008AB0A7 /* PokemonCards */ = {
			isa = PBXNativeTarget;
			buildConfigurationList = B95ABC1C25D2B85A008AB0A7 /* Build configuration list for PBXNativeTarget "PokemonCards" */;
			buildPhases = (
				B95ABC0425D2B859008AB0A7 /* Sources */,
				B95ABC0525D2B859008AB0A7 /* Frameworks */,
				B95ABC0625D2B859008AB0A7 /* Resources */,
			);
			buildRules = (
			);
			dependencies = (
			);
			name = PokemonCards;
			productName = PokemonCards;
			productReference = B95ABC0825D2B859008AB0A7 /* PokemonCards.app */;
			productType = "com.apple.product-type.application";
		};
/* End PBXNativeTarget section */

/* Begin PBXProject section */
		B95ABC0025D2B859008AB0A7 /* Project object */ = {
			isa = PBXProject;
			attributes = {
				LastSwiftUpdateCheck = 1240;
				LastUpgradeCheck = 1240;
				TargetAttributes = {
					B95ABC0725D2B859008AB0A7 = {
						CreatedOnToolsVersion = 12.4;
					};
				};
			};
			buildConfigurationList = B95ABC0325D2B859008AB0A7 /* Build configuration list for PBXProject "PokemonCards" */;
			compatibilityVersion = "Xcode 9.3";
			developmentRegion = en;
			hasScannedForEncodings = 0;
			knownRegions = (
				en,
				Base,
			);
			mainGroup = B95ABBFF25D2B859008AB0A7;
			productRefGroup = B95ABC0925D2B859008AB0A7 /* Products */;
			projectDirPath = "";
			projectRoot = "";
			targets = (
				B95ABC0725D2B859008AB0A7 /* PokemonCards */,
			);
		};
/* End PBXProject section */

/* Begin PBXResourcesBuildPhase section */
		B95ABC0625D2B859008AB0A7 /* Resources */ = {
			isa = PBXResourcesBuildPhase;
			buildActionMask = 2147483647;
			files = (
				B9C4F9AF25D3D7520012EF70 /* TitilliumWeb-Light.ttf in Resources */,
				B9C4F9AE25D3D7520012EF70 /* TitilliumWeb-Regular.ttf in Resources */,
				B9C4F9AD25D3D7520012EF70 /* TitilliumWeb-SemiBold.ttf in Resources */,
				B95ABC1825D2B85A008AB0A7 /* LaunchScreen.storyboard in Resources */,
				B95ABC1525D2B85A008AB0A7 /* Assets.xcassets in Resources */,
				B95ABC1325D2B859008AB0A7 /* Main.storyboard in Resources */,
			);
			runOnlyForDeploymentPostprocessing = 0;
		};
/* End PBXResourcesBuildPhase section */

/* Begin PBXSourcesBuildPhase section */
		B95ABC0425D2B859008AB0A7 /* Sources */ = {
			isa = PBXSourcesBuildPhase;
			buildActionMask = 2147483647;
			files = (
				B95ABC3425D2C277008AB0A7 /* ImageController.swift in Sources */,
				B95ABC2E25D2BC1F008AB0A7 /* Pokemon.swift in Sources */,
				B95ABC1025D2B859008AB0A7 /* PokemonViewController.swift in Sources */,
				B95ABC3125D2BE28008AB0A7 /* NetworkController.swift in Sources */,
				B95ABC2B25D2BB83008AB0A7 /* PokemonDetailViewController.swift in Sources */,
				B95ABC0C25D2B859008AB0A7 /* AppDelegate.swift in Sources */,
				B95ABC0E25D2B859008AB0A7 /* SceneDelegate.swift in Sources */,
			);
			runOnlyForDeploymentPostprocessing = 0;
		};
/* End PBXSourcesBuildPhase section */

/* Begin PBXVariantGroup section */
		B95ABC1125D2B859008AB0A7 /* Main.storyboard */ = {
			isa = PBXVariantGroup;
			children = (
				B95ABC1225D2B859008AB0A7 /* Base */,
			);
			name = Main.storyboard;
			sourceTree = "<group>";
		};
		B95ABC1625D2B85A008AB0A7 /* LaunchScreen.storyboard */ = {
			isa = PBXVariantGroup;
			children = (
				B95ABC1725D2B85A008AB0A7 /* Base */,
			);
			name = LaunchScreen.storyboard;
			sourceTree = "<group>";
		};
/* End PBXVariantGroup section */

/* Begin XCBuildConfiguration section */
		B95ABC1A25D2B85A008AB0A7 /* Debug */ = {
			isa = XCBuildConfiguration;
			buildSettings = {
				ALWAYS_SEARCH_USER_PATHS = NO;
				CLANG_ANALYZER_NONNULL = YES;
				CLANG_ANALYZER_NUMBER_OBJECT_CONVERSION = YES_AGGRESSIVE;
				CLANG_CXX_LANGUAGE_STANDARD = "gnu++14";
				CLANG_CXX_LIBRARY = "libc++";
				CLANG_ENABLE_MODULES = YES;
				CLANG_ENABLE_OBJC_ARC = YES;
				CLANG_ENABLE_OBJC_WEAK = YES;
				CLANG_WARN_BLOCK_CAPTURE_AUTORELEASING = YES;
				CLANG_WARN_BOOL_CONVERSION = YES;
				CLANG_WARN_COMMA = YES;
				CLANG_WARN_CONSTANT_CONVERSION = YES;
				CLANG_WARN_DEPRECATED_OBJC_IMPLEMENTATIONS = YES;
				CLANG_WARN_DIRECT_OBJC_ISA_USAGE = YES_ERROR;
				CLANG_WARN_DOCUMENTATION_COMMENTS = YES;
				CLANG_WARN_EMPTY_BODY = YES;
				CLANG_WARN_ENUM_CONVERSION = YES;
				CLANG_WARN_INFINITE_RECURSION = YES;
				CLANG_WARN_INT_CONVERSION = YES;
				CLANG_WARN_NON_LITERAL_NULL_CONVERSION = YES;
				CLANG_WARN_OBJC_IMPLICIT_RETAIN_SELF = YES;
				CLANG_WARN_OBJC_LITERAL_CONVERSION = YES;
				CLANG_WARN_OBJC_ROOT_CLASS = YES_ERROR;
				CLANG_WARN_QUOTED_INCLUDE_IN_FRAMEWORK_HEADER = YES;
				CLANG_WARN_RANGE_LOOP_ANALYSIS = YES;
				CLANG_WARN_STRICT_PROTOTYPES = YES;
				CLANG_WARN_SUSPICIOUS_MOVE = YES;
				CLANG_WARN_UNGUARDED_AVAILABILITY = YES_AGGRESSIVE;
				CLANG_WARN_UNREACHABLE_CODE = YES;
				CLANG_WARN__DUPLICATE_METHOD_MATCH = YES;
				COPY_PHASE_STRIP = NO;
				DEBUG_INFORMATION_FORMAT = dwarf;
				ENABLE_STRICT_OBJC_MSGSEND = YES;
				ENABLE_TESTABILITY = YES;
				GCC_C_LANGUAGE_STANDARD = gnu11;
				GCC_DYNAMIC_NO_PIC = NO;
				GCC_NO_COMMON_BLOCKS = YES;
				GCC_OPTIMIZATION_LEVEL = 0;
				GCC_PREPROCESSOR_DEFINITIONS = (
					"DEBUG=1",
					"$(inherited)",
				);
				GCC_WARN_64_TO_32_BIT_CONVERSION = YES;
				GCC_WARN_ABOUT_RETURN_TYPE = YES_ERROR;
				GCC_WARN_UNDECLARED_SELECTOR = YES;
				GCC_WARN_UNINITIALIZED_AUTOS = YES_AGGRESSIVE;
				GCC_WARN_UNUSED_FUNCTION = YES;
				GCC_WARN_UNUSED_VARIABLE = YES;
				IPHONEOS_DEPLOYMENT_TARGET = 14.4;
				MTL_ENABLE_DEBUG_INFO = INCLUDE_SOURCE;
				MTL_FAST_MATH = YES;
				ONLY_ACTIVE_ARCH = YES;
				SDKROOT = iphoneos;
				SWIFT_ACTIVE_COMPILATION_CONDITIONS = DEBUG;
				SWIFT_OPTIMIZATION_LEVEL = "-Onone";
			};
			name = Debug;
		};
		B95ABC1B25D2B85A008AB0A7 /* Release */ = {
			isa = XCBuildConfiguration;
			buildSettings = {
				ALWAYS_SEARCH_USER_PATHS = NO;
				CLANG_ANALYZER_NONNULL = YES;
				CLANG_ANALYZER_NUMBER_OBJECT_CONVERSION = YES_AGGRESSIVE;
				CLANG_CXX_LANGUAGE_STANDARD = "gnu++14";
				CLANG_CXX_LIBRARY = "libc++";
				CLANG_ENABLE_MODULES = YES;
				CLANG_ENABLE_OBJC_ARC = YES;
				CLANG_ENABLE_OBJC_WEAK = YES;
				CLANG_WARN_BLOCK_CAPTURE_AUTORELEASING = YES;
				CLANG_WARN_BOOL_CONVERSION = YES;
				CLANG_WARN_COMMA = YES;
				CLANG_WARN_CONSTANT_CONVERSION = YES;
				CLANG_WARN_DEPRECATED_OBJC_IMPLEMENTATIONS = YES;
				CLANG_WARN_DIRECT_OBJC_ISA_USAGE = YES_ERROR;
				CLANG_WARN_DOCUMENTATION_COMMENTS = YES;
				CLANG_WARN_EMPTY_BODY = YES;
				CLANG_WARN_ENUM_CONVERSION = YES;
				CLANG_WARN_INFINITE_RECURSION = YES;
				CLANG_WARN_INT_CONVERSION = YES;
				CLANG_WARN_NON_LITERAL_NULL_CONVERSION = YES;
				CLANG_WARN_OBJC_IMPLICIT_RETAIN_SELF = YES;
				CLANG_WARN_OBJC_LITERAL_CONVERSION = YES;
				CLANG_WARN_OBJC_ROOT_CLASS = YES_ERROR;
				CLANG_WARN_QUOTED_INCLUDE_IN_FRAMEWORK_HEADER = YES;
				CLANG_WARN_RANGE_LOOP_ANALYSIS = YES;
				CLANG_WARN_STRICT_PROTOTYPES = YES;
				CLANG_WARN_SUSPICIOUS_MOVE = YES;
				CLANG_WARN_UNGUARDED_AVAILABILITY = YES_AGGRESSIVE;
				CLANG_WARN_UNREACHABLE_CODE = YES;
				CLANG_WARN__DUPLICATE_METHOD_MATCH = YES;
				COPY_PHASE_STRIP = NO;
				DEBUG_INFORMATION_FORMAT = "dwarf-with-dsym";
				ENABLE_NS_ASSERTIONS = NO;
				ENABLE_STRICT_OBJC_MSGSEND = YES;
				GCC_C_LANGUAGE_STANDARD = gnu11;
				GCC_NO_COMMON_BLOCKS = YES;
				GCC_WARN_64_TO_32_BIT_CONVERSION = YES;
				GCC_WARN_ABOUT_RETURN_TYPE = YES_ERROR;
				GCC_WARN_UNDECLARED_SELECTOR = YES;
				GCC_WARN_UNINITIALIZED_AUTOS = YES_AGGRESSIVE;
				GCC_WARN_UNUSED_FUNCTION = YES;
				GCC_WARN_UNUSED_VARIABLE = YES;
				IPHONEOS_DEPLOYMENT_TARGET = 14.4;
				MTL_ENABLE_DEBUG_INFO = NO;
				MTL_FAST_MATH = YES;
				SDKROOT = iphoneos;
				SWIFT_COMPILATION_MODE = wholemodule;
				SWIFT_OPTIMIZATION_LEVEL = "-O";
				VALIDATE_PRODUCT = YES;
			};
			name = Release;
		};
		B95ABC1D25D2B85A008AB0A7 /* Debug */ = {
			isa = XCBuildConfiguration;
			buildSettings = {
				ASSETCATALOG_COMPILER_APPICON_NAME = AppIcon;
				ASSETCATALOG_COMPILER_GLOBAL_ACCENT_COLOR_NAME = AccentColor;
				CODE_SIGN_STYLE = Automatic;
				DEVELOPMENT_TEAM = QU577HR376;
				INFOPLIST_FILE = PokemonCards/Info.plist;
				LD_RUNPATH_SEARCH_PATHS = (
					"$(inherited)",
					"@executable_path/Frameworks",
				);
				PRODUCT_BUNDLE_IDENTIFIER = lv.accenture.bootcamp.PokemonCards;
				PRODUCT_NAME = "$(TARGET_NAME)";
				SWIFT_VERSION = 5.0;
				TARGETED_DEVICE_FAMILY = "1,2";
			};
			name = Debug;
		};
		B95ABC1E25D2B85A008AB0A7 /* Release */ = {
			isa = XCBuildConfiguration;
			buildSettings = {
				ASSETCATALOG_COMPILER_APPICON_NAME = AppIcon;
				ASSETCATALOG_COMPILER_GLOBAL_ACCENT_COLOR_NAME = AccentColor;
				CODE_SIGN_STYLE = Automatic;
				DEVELOPMENT_TEAM = QU577HR376;
				INFOPLIST_FILE = PokemonCards/Info.plist;
				LD_RUNPATH_SEARCH_PATHS = (
					"$(inherited)",
					"@executable_path/Frameworks",
				);
				PRODUCT_BUNDLE_IDENTIFIER = lv.accenture.bootcamp.PokemonCards;
				PRODUCT_NAME = "$(TARGET_NAME)";
				SWIFT_VERSION = 5.0;
				TARGETED_DEVICE_FAMILY = "1,2";
			};
			name = Release;
		};
/* End XCBuildConfiguration section */

/* Begin XCConfigurationList section */
		B95ABC0325D2B859008AB0A7 /* Build configuration list for PBXProject "PokemonCards" */ = {
			isa = XCConfigurationList;
			buildConfigurations = (
				B95ABC1A25D2B85A008AB0A7 /* Debug */,
				B95ABC1B25D2B85A008AB0A7 /* Release */,
			);
			defaultConfigurationIsVisible = 0;
			defaultConfigurationName = Release;
		};
		B95ABC1C25D2B85A008AB0A7 /* Build configuration list for PBXNativeTarget "PokemonCards" */ = {
			isa = XCConfigurationList;
			buildConfigurations = (
				B95ABC1D25D2B85A008AB0A7 /* Debug */,
				B95ABC1E25D2B85A008AB0A7 /* Release */,
			);
			defaultConfigurationIsVisible = 0;
			defaultConfigurationName = Release;
		};
/* End XCConfigurationList section */
	};
	rootObject = B95ABC0025D2B859008AB0A7 /* Project object */;
}
